Microsoft Visual Studio Solution File, Format Version 12.00
# Visual Studio 15
VisualStudioVersion = 15.0.27130.2026
MinimumVisualStudioVersion = 15.0.26124.0
Project("{9A19103F-16F7-4668-BE54-9A1E7A4F7556}") = "morabaraba", "morabaraba\morabaraba.csproj", "{405FAB5E-83CB-4B71-B291-0A2BA9F14290}"
EndProject
Project("{9A19103F-16F7-4668-BE54-9A1E7A4F7556}") = "morabaraba.Test", "morabaraba.Test\morabaraba.Test.csproj", "{0E946451-1CD1-407F-82DD-6970C319CFC5}"
EndProject
Global
	GlobalSection(SolutionConfigurationPlatforms) = preSolution
		Debug|Any CPU = Debug|Any CPU
		Debug|x64 = Debug|x64
		Debug|x86 = Debug|x86
		Release|Any CPU = Release|Any CPU
		Release|x64 = Release|x64
		Release|x86 = Release|x86
	EndGlobalSection
	GlobalSection(ProjectConfigurationPlatforms) = postSolution
		{405FAB5E-83CB-4B71-B291-0A2BA9F14290}.Debug|Any CPU.ActiveCfg = Debug|Any CPU
		{405FAB5E-83CB-4B71-B291-0A2BA9F14290}.Debug|Any CPU.Build.0 = Debug|Any CPU
		{405FAB5E-83CB-4B71-B291-0A2BA9F14290}.Debug|x64.ActiveCfg = Debug|Any CPU
		{405FAB5E-83CB-4B71-B291-0A2BA9F14290}.Debug|x64.Build.0 = Debug|Any CPU
		{405FAB5E-83CB-4B71-B291-0A2BA9F14290}.Debug|x86.ActiveCfg = Debug|Any CPU
		{405FAB5E-83CB-4B71-B291-0A2BA9F14290}.Debug|x86.Build.0 = Debug|Any CPU
		{405FAB5E-83CB-4B71-B291-0A2BA9F14290}.Release|Any CPU.ActiveCfg = Release|Any CPU
		{405FAB5E-83CB-4B71-B291-0A2BA9F14290}.Release|Any CPU.Build.0 = Release|Any CPU
		{405FAB5E-83CB-4B71-B291-0A2BA9F14290}.Release|x64.ActiveCfg = Release|Any CPU
		{405FAB5E-83CB-4B71-B291-0A2BA9F14290}.Release|x64.Build.0 = Release|Any CPU
		{405FAB5E-83CB-4B71-B291-0A2BA9F14290}.Release|x86.ActiveCfg = Release|Any CPU
		{405FAB5E-83CB-4B71-B291-0A2BA9F14290}.Release|x86.Build.0 = Release|Any CPU
		{0E946451-1CD1-407F-82DD-6970C319CFC5}.Debug|Any CPU.ActiveCfg = Debug|Any CPU
		{0E946451-1CD1-407F-82DD-6970C319CFC5}.Debug|Any CPU.Build.0 = Debug|Any CPU
		{0E946451-1CD1-407F-82DD-6970C319CFC5}.Debug|x64.ActiveCfg = Debug|Any CPU
		{0E946451-1CD1-407F-82DD-6970C319CFC5}.Debug|x64.Build.0 = Debug|Any CPU
		{0E946451-1CD1-407F-82DD-6970C319CFC5}.Debug|x86.ActiveCfg = Debug|Any CPU
		{0E946451-1CD1-407F-82DD-6970C319CFC5}.Debug|x86.Build.0 = Debug|Any CPU
		{0E946451-1CD1-407F-82DD-6970C319CFC5}.Release|Any CPU.ActiveCfg = Release|Any CPU
		{0E946451-1CD1-407F-82DD-6970C319CFC5}.Release|Any CPU.Build.0 = Release|Any CPU
		{0E946451-1CD1-407F-82DD-6970C319CFC5}.Release|x64.ActiveCfg = Release|Any CPU
		{0E946451-1CD1-407F-82DD-6970C319CFC5}.Release|x64.Build.0 = Release|Any CPU
		{0E946451-1CD1-407F-82DD-6970C319CFC5}.Release|x86.ActiveCfg = Release|Any CPU
		{0E946451-1CD1-407F-82DD-6970C319CFC5}.Release|x86.Build.0 = Release|Any CPU
	EndGlobalSection
	GlobalSection(SolutionProperties) = preSolution
		HideSolutionNode = FALSE
	EndGlobalSection
	GlobalSection(ExtensibilityGlobals) = postSolution
		SolutionGuid = {883CA70F-F489-4F50-ACE1-E8808AD8354F}
	EndGlobalSection
EndGlobal
